
Microsoft Visual Studio Solution File, Format Version 12.00
# Visual Studio Version 17
VisualStudioVersion = 17.1.32421.90
MinimumVisualStudioVersion = 10.0.40219.1
Project("{FAE04EC0-301F-11D3-BF4B-00C04F79EFBC}") = "ReadyForAlgorithm", "ReadyForAlgorithm\ReadyForAlgorithm.csproj", "{952BE5EE-6623-420B-BCC7-1811EABA0E69}"
EndProject
Project("{FAE04EC0-301F-11D3-BF4B-00C04F79EFBC}") = "ReadyForAlgorithm.Core", "ReadyForAlgorithm.Core\ReadyForAlgorithm.Core.csproj", "{C3446A0F-84AB-4EE3-BBE5-4DF4929A6E60}"
EndProject
Project("{FAE04EC0-301F-11D3-BF4B-00C04F79EFBC}") = "ReadyForAlgorithm.ImGui", "ReadyForAlgorithm.ImGui\ReadyForAlgorithm.ImGui.csproj", "{1CD1B92D-3473-4A9B-83D7-D67C7155F789}"
EndProject
Global
	GlobalSection(SolutionConfigurationPlatforms) = preSolution
		Debug|Any CPU = Debug|Any CPU
		Release|Any CPU = Release|Any CPU
	EndGlobalSection
	GlobalSection(ProjectConfigurationPlatforms) = postSolution
		{952BE5EE-6623-420B-BCC7-1811EABA0E69}.Debug|Any CPU.ActiveCfg = Debug|Any CPU
		{952BE5EE-6623-420B-BCC7-1811EABA0E69}.Debug|Any CPU.Build.0 = Debug|Any CPU
		{952BE5EE-6623-420B-BCC7-1811EABA0E69}.Release|Any CPU.ActiveCfg = Release|Any CPU
		{952BE5EE-6623-420B-BCC7-1811EABA0E69}.Release|Any CPU.Build.0 = Release|Any CPU
		{C3446A0F-84AB-4EE3-BBE5-4DF4929A6E60}.Debug|Any CPU.ActiveCfg = Debug|Any CPU
		{C3446A0F-84AB-4EE3-BBE5-4DF4929A6E60}.Debug|Any CPU.Build.0 = Debug|Any CPU
		{C3446A0F-84AB-4EE3-BBE5-4DF4929A6E60}.Release|Any CPU.ActiveCfg = Release|Any CPU
		{C3446A0F-84AB-4EE3-BBE5-4DF4929A6E60}.Release|Any CPU.Build.0 = Release|Any CPU
		{1CD1B92D-3473-4A9B-83D7-D67C7155F789}.Debug|Any CPU.ActiveCfg = Debug|Any CPU
		{1CD1B92D-3473-4A9B-83D7-D67C7155F789}.Debug|Any CPU.Build.0 = Debug|Any CPU
		{1CD1B92D-3473-4A9B-83D7-D67C7155F789}.Release|Any CPU.ActiveCfg = Release|Any CPU
		{1CD1B92D-3473-4A9B-83D7-D67C7155F789}.Release|Any CPU.Build.0 = Release|Any CPU
	EndGlobalSection
	GlobalSection(SolutionProperties) = preSolution
		HideSolutionNode = FALSE
	EndGlobalSection
	GlobalSection(ExtensibilityGlobals) = postSolution
		SolutionGuid = {D9E5D7BC-EC57-48E8-8E00-236B0E816F62}
	EndGlobalSection
EndGlobal
